// !$*UTF8*$!
{
	archiveVersion = 1;
	classes = {
	};
	objectVersion = 46;
	objects = {

/* Begin PBXBuildFile section */
		5D61D0671C3B9FFF007DF434 /* UINavigationController+XPPopGesture.m in Sources */ = {isa = PBXBuildFile; fileRef = 5D61D0661C3B9FFF007DF434 /* UINavigationController+XPPopGesture.m */; };
		5D61D06E1C3BA8E7007DF434 /* WFDetailController.m in Sources */ = {isa = PBXBuildFile; fileRef = 5D61D06D1C3BA8E7007DF434 /* WFDetailController.m */; };
		5D61D0721C3BA905007DF434 /* WFCommonController.m in Sources */ = {isa = PBXBuildFile; fileRef = 5D61D0711C3BA905007DF434 /* WFCommonController.m */; };
		5D61D0761C3BA921007DF434 /* WFHomePageController.m in Sources */ = {isa = PBXBuildFile; fileRef = 5D61D0751C3BA921007DF434 /* WFHomePageController.m */; };
		5D61D07A1C3BA93A007DF434 /* WFSettingController.m in Sources */ = {isa = PBXBuildFile; fileRef = 5D61D0791C3BA93A007DF434 /* WFSettingController.m */; };
		5D61D0841C3BAA1D007DF434 /* WFHttpMgr.m in Sources */ = {isa = PBXBuildFile; fileRef = 5D61D07D1C3BAA1D007DF434 /* WFHttpMgr.m */; };
		5D61D0851C3BAA1D007DF434 /* WFManager+MainViewInfo.m in Sources */ = {isa = PBXBuildFile; fileRef = 5D61D0801C3BAA1D007DF434 /* WFManager+MainViewInfo.m */; };
		5D61D0861C3BAA1D007DF434 /* WFManager.m in Sources */ = {isa = PBXBuildFile; fileRef = 5D61D0821C3BAA1D007DF434 /* WFManager.m */; };
		5D61D08D1C3BAF76007DF434 /* WFHomePageVM.m in Sources */ = {isa = PBXBuildFile; fileRef = 5D61D08C1C3BAF76007DF434 /* WFHomePageVM.m */; };
		5D61D0901C3BB07C007DF434 /* WFSingelNewsModel.m in Sources */ = {isa = PBXBuildFile; fileRef = 5D61D08F1C3BB07C007DF434 /* WFSingelNewsModel.m */; };
		5D61D0931C3BB095007DF434 /* WFLatestNewsModel.m in Sources */ = {isa = PBXBuildFile; fileRef = 5D61D0921C3BB095007DF434 /* WFLatestNewsModel.m */; };
		5D61D0961C3BB288007DF434 /* WFToolKit.m in Sources */ = {isa = PBXBuildFile; fileRef = 5D61D0951C3BB288007DF434 /* WFToolKit.m */; };
		5D6EA28E1C3BC1AC00C9462E /* WFMainViewCell.m in Sources */ = {isa = PBXBuildFile; fileRef = 5D6EA28D1C3BC1AC00C9462E /* WFMainViewCell.m */; };
		5D6EA2911C3BC5B400C9462E /* WFSingelNewsLayout.m in Sources */ = {isa = PBXBuildFile; fileRef = 5D6EA2901C3BC5B400C9462E /* WFSingelNewsLayout.m */; };
		5D6EA2941C3BC66900C9462E /* UIImageView+WFImg.m in Sources */ = {isa = PBXBuildFile; fileRef = 5D6EA2931C3BC66900C9462E /* UIImageView+WFImg.m */; };
		5DF6566C1C3B6B9B00D8F8E0 /* main.m in Sources */ = {isa = PBXBuildFile; fileRef = 5DF6566B1C3B6B9B00D8F8E0 /* main.m */; };
		5DF6566F1C3B6B9B00D8F8E0 /* AppDelegate.m in Sources */ = {isa = PBXBuildFile; fileRef = 5DF6566E1C3B6B9B00D8F8E0 /* AppDelegate.m */; };
		5DF656721C3B6B9B00D8F8E0 /* ViewController.m in Sources */ = {isa = PBXBuildFile; fileRef = 5DF656711C3B6B9B00D8F8E0 /* ViewController.m */; };
		5DF656751C3B6B9B00D8F8E0 /* Main.storyboard in Resources */ = {isa = PBXBuildFile; fileRef = 5DF656731C3B6B9B00D8F8E0 /* Main.storyboard */; };
		5DF656771C3B6B9B00D8F8E0 /* Assets.xcassets in Resources */ = {isa = PBXBuildFile; fileRef = 5DF656761C3B6B9B00D8F8E0 /* Assets.xcassets */; };
		5DF656951C3B6CC100D8F8E0 /* WFBaseController.m in Sources */ = {isa = PBXBuildFile; fileRef = 5DF656871C3B6CC100D8F8E0 /* WFBaseController.m */; };
		5DF656971C3B6CC100D8F8E0 /* WFMainController.m in Sources */ = {isa = PBXBuildFile; fileRef = 5DF6568B1C3B6CC100D8F8E0 /* WFMainController.m */; };
		9562680C9046DAF9802DE4C0 /* libPods.a in Frameworks */ = {isa = PBXBuildFile; fileRef = 56D18C7690F4F098F76ED7B6 /* libPods.a */; };
		D288D4691C3C1DE00034B742 /* WFLeftController.m in Sources */ = {isa = PBXBuildFile; fileRef = D288D4681C3C1DE00034B742 /* WFLeftController.m */; };
		D288D46C1C3C1E050034B742 /* WFLeftCell.m in Sources */ = {isa = PBXBuildFile; fileRef = D288D46B1C3C1E050034B742 /* WFLeftCell.m */; };
		D288D46F1C3C228C0034B742 /* WFLeftDataModel.m in Sources */ = {isa = PBXBuildFile; fileRef = D288D46E1C3C228C0034B742 /* WFLeftDataModel.m */; };
		D288D4721C3C23790034B742 /* WFLeftVM.m in Sources */ = {isa = PBXBuildFile; fileRef = D288D4711C3C23780034B742 /* WFLeftVM.m */; };
/* End PBXBuildFile section */

/* Begin PBXFileReference section */
		0FDA55C05EEB5E00D8263E07 /* Pods.debug.xcconfig */ = {isa = PBXFileReference; includeInIndex = 1; lastKnownFileType = text.xcconfig; name = Pods.debug.xcconfig; path = "Pods/Target Support Files/Pods/Pods.debug.xcconfig"; sourceTree = "<group>"; };
		56D18C7690F4F098F76ED7B6 /* libPods.a */ = {isa = PBXFileReference; explicitFileType = archive.ar; includeInIndex = 0; path = libPods.a; sourceTree = BUILT_PRODUCTS_DIR; };
		5D61D0651C3B9FFF007DF434 /* UINavigationController+XPPopGesture.h */ = {isa = PBXFileReference; fileEncoding = 4; lastKnownFileType = sourcecode.c.h; path = "UINavigationController+XPPopGesture.h"; sourceTree = "<group>"; };
		5D61D0661C3B9FFF007DF434 /* UINavigationController+XPPopGesture.m */ = {isa = PBXFileReference; fileEncoding = 4; lastKnownFileType = sourcecode.c.objc; path = "UINavigationController+XPPopGesture.m"; sourceTree = "<group>"; };
		5D61D06C1C3BA8E7007DF434 /* WFDetailController.h */ = {isa = PBXFileReference; fileEncoding = 4; lastKnownFileType = sourcecode.c.h; path = WFDetailController.h; sourceTree = "<group>"; };
		5D61D06D1C3BA8E7007DF434 /* WFDetailController.m */ = {isa = PBXFileReference; fileEncoding = 4; lastKnownFileType = sourcecode.c.objc; path = WFDetailController.m; sourceTree = "<group>"; };
		5D61D0701C3BA905007DF434 /* WFCommonController.h */ = {isa = PBXFileReference; fileEncoding = 4; lastKnownFileType = sourcecode.c.h; path = WFCommonController.h; sourceTree = "<group>"; };
		5D61D0711C3BA905007DF434 /* WFCommonController.m */ = {isa = PBXFileReference; fileEncoding = 4; lastKnownFileType = sourcecode.c.objc; path = WFCommonController.m; sourceTree = "<group>"; };
		5D61D0741C3BA921007DF434 /* WFHomePageController.h */ = {isa = PBXFileReference; fileEncoding = 4; lastKnownFileType = sourcecode.c.h; path = WFHomePageController.h; sourceTree = "<group>"; };
		5D61D0751C3BA921007DF434 /* WFHomePageController.m */ = {isa = PBXFileReference; fileEncoding = 4; lastKnownFileType = sourcecode.c.objc; path = WFHomePageController.m; sourceTree = "<group>"; };
		5D61D0781C3BA93A007DF434 /* WFSettingController.h */ = {isa = PBXFileReference; fileEncoding = 4; lastKnownFileType = sourcecode.c.h; path = WFSettingController.h; sourceTree = "<group>"; };
		5D61D0791C3BA93A007DF434 /* WFSettingController.m */ = {isa = PBXFileReference; fileEncoding = 4; lastKnownFileType = sourcecode.c.objc; path = WFSettingController.m; sourceTree = "<group>"; };
		5D61D07C1C3BAA1D007DF434 /* WFHttpMgr.h */ = {isa = PBXFileReference; fileEncoding = 4; lastKnownFileType = sourcecode.c.h; path = WFHttpMgr.h; sourceTree = "<group>"; };
		5D61D07D1C3BAA1D007DF434 /* WFHttpMgr.m */ = {isa = PBXFileReference; fileEncoding = 4; lastKnownFileType = sourcecode.c.objc; path = WFHttpMgr.m; sourceTree = "<group>"; };
		5D61D07F1C3BAA1D007DF434 /* WFManager+MainViewInfo.h */ = {isa = PBXFileReference; fileEncoding = 4; lastKnownFileType = sourcecode.c.h; path = "WFManager+MainViewInfo.h"; sourceTree = "<group>"; };
		5D61D0801C3BAA1D007DF434 /* WFManager+MainViewInfo.m */ = {isa = PBXFileReference; fileEncoding = 4; lastKnownFileType = sourcecode.c.objc; path = "WFManager+MainViewInfo.m"; sourceTree = "<group>"; };
		5D61D0811C3BAA1D007DF434 /* WFManager.h */ = {isa = PBXFileReference; fileEncoding = 4; lastKnownFileType = sourcecode.c.h; path = WFManager.h; sourceTree = "<group>"; };
		5D61D0821C3BAA1D007DF434 /* WFManager.m */ = {isa = PBXFileReference; fileEncoding = 4; lastKnownFileType = sourcecode.c.objc; path = WFManager.m; sourceTree = "<group>"; };
		5D61D0871C3BAA97007DF434 /* ServerInfoConstants.h */ = {isa = PBXFileReference; fileEncoding = 4; lastKnownFileType = sourcecode.c.h; path = ServerInfoConstants.h; sourceTree = "<group>"; };
		5D61D08B1C3BAF76007DF434 /* WFHomePageVM.h */ = {isa = PBXFileReference; fileEncoding = 4; lastKnownFileType = sourcecode.c.h; path = WFHomePageVM.h; sourceTree = "<group>"; };
		5D61D08C1C3BAF76007DF434 /* WFHomePageVM.m */ = {isa = PBXFileReference; fileEncoding = 4; lastKnownFileType = sourcecode.c.objc; path = WFHomePageVM.m; sourceTree = "<group>"; };
		5D61D08E1C3BB07C007DF434 /* WFSingelNewsModel.h */ = {isa = PBXFileReference; fileEncoding = 4; lastKnownFileType = sourcecode.c.h; path = WFSingelNewsModel.h; sourceTree = "<group>"; };
		5D61D08F1C3BB07C007DF434 /* WFSingelNewsModel.m */ = {isa = PBXFileReference; fileEncoding = 4; lastKnownFileType = sourcecode.c.objc; path = WFSingelNewsModel.m; sourceTree = "<group>"; };
		5D61D0911C3BB095007DF434 /* WFLatestNewsModel.h */ = {isa = PBXFileReference; fileEncoding = 4; lastKnownFileType = sourcecode.c.h; path = WFLatestNewsModel.h; sourceTree = "<group>"; };
		5D61D0921C3BB095007DF434 /* WFLatestNewsModel.m */ = {isa = PBXFileReference; fileEncoding = 4; lastKnownFileType = sourcecode.c.objc; path = WFLatestNewsModel.m; sourceTree = "<group>"; };
		5D61D0941C3BB288007DF434 /* WFToolKit.h */ = {isa = PBXFileReference; fileEncoding = 4; lastKnownFileType = sourcecode.c.h; path = WFToolKit.h; sourceTree = "<group>"; };
		5D61D0951C3BB288007DF434 /* WFToolKit.m */ = {isa = PBXFileReference; fileEncoding = 4; lastKnownFileType = sourcecode.c.objc; path = WFToolKit.m; sourceTree = "<group>"; };
		5D6EA28C1C3BC1AC00C9462E /* WFMainViewCell.h */ = {isa = PBXFileReference; fileEncoding = 4; lastKnownFileType = sourcecode.c.h; path = WFMainViewCell.h; sourceTree = "<group>"; };
		5D6EA28D1C3BC1AC00C9462E /* WFMainViewCell.m */ = {isa = PBXFileReference; fileEncoding = 4; lastKnownFileType = sourcecode.c.objc; path = WFMainViewCell.m; sourceTree = "<group>"; };
		5D6EA28F1C3BC5B400C9462E /* WFSingelNewsLayout.h */ = {isa = PBXFileReference; fileEncoding = 4; lastKnownFileType = sourcecode.c.h; path = WFSingelNewsLayout.h; sourceTree = "<group>"; };
		5D6EA2901C3BC5B400C9462E /* WFSingelNewsLayout.m */ = {isa = PBXFileReference; fileEncoding = 4; lastKnownFileType = sourcecode.c.objc; path = WFSingelNewsLayout.m; sourceTree = "<group>"; };
		5D6EA2921C3BC66900C9462E /* UIImageView+WFImg.h */ = {isa = PBXFileReference; fileEncoding = 4; lastKnownFileType = sourcecode.c.h; path = "UIImageView+WFImg.h"; sourceTree = "<group>"; };
		5D6EA2931C3BC66900C9462E /* UIImageView+WFImg.m */ = {isa = PBXFileReference; fileEncoding = 4; lastKnownFileType = sourcecode.c.objc; path = "UIImageView+WFImg.m"; sourceTree = "<group>"; };
		5DF656671C3B6B9B00D8F8E0 /* WFZhihuDaily.app */ = {isa = PBXFileReference; explicitFileType = wrapper.application; includeInIndex = 0; path = WFZhihuDaily.app; sourceTree = BUILT_PRODUCTS_DIR; };
		5DF6566B1C3B6B9B00D8F8E0 /* main.m */ = {isa = PBXFileReference; lastKnownFileType = sourcecode.c.objc; path = main.m; sourceTree = "<group>"; };
		5DF6566D1C3B6B9B00D8F8E0 /* AppDelegate.h */ = {isa = PBXFileReference; lastKnownFileType = sourcecode.c.h; path = AppDelegate.h; sourceTree = "<group>"; };
		5DF6566E1C3B6B9B00D8F8E0 /* AppDelegate.m */ = {isa = PBXFileReference; lastKnownFileType = sourcecode.c.objc; path = AppDelegate.m; sourceTree = "<group>"; };
		5DF656701C3B6B9B00D8F8E0 /* ViewController.h */ = {isa = PBXFileReference; lastKnownFileType = sourcecode.c.h; path = ViewController.h; sourceTree = "<group>"; };
		5DF656711C3B6B9B00D8F8E0 /* ViewController.m */ = {isa = PBXFileReference; lastKnownFileType = sourcecode.c.objc; path = ViewController.m; sourceTree = "<group>"; };
		5DF656741C3B6B9B00D8F8E0 /* Base */ = {isa = PBXFileReference; lastKnownFileType = file.storyboard; name = Base; path = Base.lproj/Main.storyboard; sourceTree = "<group>"; };
		5DF656761C3B6B9B00D8F8E0 /* Assets.xcassets */ = {isa = PBXFileReference; lastKnownFileType = folder.assetcatalog; path = Assets.xcassets; sourceTree = "<group>"; };
		5DF6567B1C3B6B9B00D8F8E0 /* Info.plist */ = {isa = PBXFileReference; lastKnownFileType = text.plist.xml; path = Info.plist; sourceTree = "<group>"; };
		5DF656811C3B6C3900D8F8E0 /* PrefixHeader.pch */ = {isa = PBXFileReference; lastKnownFileType = sourcecode.c.h; path = PrefixHeader.pch; sourceTree = "<group>"; };
		5DF656831C3B6C8F00D8F8E0 /* DeviceConstants.h */ = {isa = PBXFileReference; fileEncoding = 4; lastKnownFileType = sourcecode.c.h; path = DeviceConstants.h; sourceTree = "<group>"; };
		5DF656841C3B6C8F00D8F8E0 /* ToolKitConstants.h */ = {isa = PBXFileReference; fileEncoding = 4; lastKnownFileType = sourcecode.c.h; path = ToolKitConstants.h; sourceTree = "<group>"; };
		5DF656861C3B6CC100D8F8E0 /* WFBaseController.h */ = {isa = PBXFileReference; fileEncoding = 4; lastKnownFileType = sourcecode.c.h; path = WFBaseController.h; sourceTree = "<group>"; };
		5DF656871C3B6CC100D8F8E0 /* WFBaseController.m */ = {isa = PBXFileReference; fileEncoding = 4; lastKnownFileType = sourcecode.c.objc; path = WFBaseController.m; sourceTree = "<group>"; };
		5DF6568A1C3B6CC100D8F8E0 /* WFMainController.h */ = {isa = PBXFileReference; fileEncoding = 4; lastKnownFileType = sourcecode.c.h; path = WFMainController.h; sourceTree = "<group>"; };
		5DF6568B1C3B6CC100D8F8E0 /* WFMainController.m */ = {isa = PBXFileReference; fileEncoding = 4; lastKnownFileType = sourcecode.c.objc; path = WFMainController.m; sourceTree = "<group>"; };
		8420BF67AF1838D7B6CC5DB5 /* Pods.release.xcconfig */ = {isa = PBXFileReference; includeInIndex = 1; lastKnownFileType = text.xcconfig; name = Pods.release.xcconfig; path = "Pods/Target Support Files/Pods/Pods.release.xcconfig"; sourceTree = "<group>"; };
		D288D4671C3C1DE00034B742 /* WFLeftController.h */ = {isa = PBXFileReference; fileEncoding = 4; lastKnownFileType = sourcecode.c.h; path = WFLeftController.h; sourceTree = "<group>"; };
		D288D4681C3C1DE00034B742 /* WFLeftController.m */ = {isa = PBXFileReference; fileEncoding = 4; lastKnownFileType = sourcecode.c.objc; path = WFLeftController.m; sourceTree = "<group>"; };
		D288D46A1C3C1E050034B742 /* WFLeftCell.h */ = {isa = PBXFileReference; fileEncoding = 4; lastKnownFileType = sourcecode.c.h; path = WFLeftCell.h; sourceTree = "<group>"; };
		D288D46B1C3C1E050034B742 /* WFLeftCell.m */ = {isa = PBXFileReference; fileEncoding = 4; lastKnownFileType = sourcecode.c.objc; path = WFLeftCell.m; sourceTree = "<group>"; };
		D288D46D1C3C228C0034B742 /* WFLeftDataModel.h */ = {isa = PBXFileReference; fileEncoding = 4; lastKnownFileType = sourcecode.c.h; path = WFLeftDataModel.h; sourceTree = "<group>"; };
		D288D46E1C3C228C0034B742 /* WFLeftDataModel.m */ = {isa = PBXFileReference; fileEncoding = 4; lastKnownFileType = sourcecode.c.objc; path = WFLeftDataModel.m; sourceTree = "<group>"; };
		D288D4701C3C23780034B742 /* WFLeftVM.h */ = {isa = PBXFileReference; fileEncoding = 4; lastKnownFileType = sourcecode.c.h; path = WFLeftVM.h; sourceTree = "<group>"; };
		D288D4711C3C23780034B742 /* WFLeftVM.m */ = {isa = PBXFileReference; fileEncoding = 4; lastKnownFileType = sourcecode.c.objc; path = WFLeftVM.m; sourceTree = "<group>"; };
/* End PBXFileReference section */

/* Begin PBXFrameworksBuildPhase section */
		5DF656641C3B6B9B00D8F8E0 /* Frameworks */ = {
			isa = PBXFrameworksBuildPhase;
			buildActionMask = 2147483647;
			files = (
				9562680C9046DAF9802DE4C0 /* libPods.a in Frameworks */,
			);
			runOnlyForDeploymentPostprocessing = 0;
		};
/* End PBXFrameworksBuildPhase section */

/* Begin PBXGroup section */
		5D61D0601C3B92BC007DF434 /* DetailController */ = {
			isa = PBXGroup;
			children = (
				5D61D06B1C3BA8E7007DF434 /* viewController */,
			);
			path = DetailController;
			sourceTree = "<group>";
		};
		5D61D0641C3B9FFF007DF434 /* Category */ = {
			isa = PBXGroup;
			children = (
				5D61D0651C3B9FFF007DF434 /* UINavigationController+XPPopGesture.h */,
				5D61D0661C3B9FFF007DF434 /* UINavigationController+XPPopGesture.m */,
				5D6EA2921C3BC66900C9462E /* UIImageView+WFImg.h */,
				5D6EA2931C3BC66900C9462E /* UIImageView+WFImg.m */,
			);
			path = Category;
			sourceTree = "<group>";
		};
		5D61D06B1C3BA8E7007DF434 /* viewController */ = {
			isa = PBXGroup;
			children = (
				5D61D06C1C3BA8E7007DF434 /* WFDetailController.h */,
				5D61D06D1C3BA8E7007DF434 /* WFDetailController.m */,
			);
			path = viewController;
			sourceTree = "<group>";
		};
		5D61D06F1C3BA905007DF434 /* viewController */ = {
			isa = PBXGroup;
			children = (
				5D61D0701C3BA905007DF434 /* WFCommonController.h */,
				5D61D0711C3BA905007DF434 /* WFCommonController.m */,
			);
			path = viewController;
			sourceTree = "<group>";
		};
		5D61D0731C3BA921007DF434 /* viewController */ = {
			isa = PBXGroup;
			children = (
				5D61D0741C3BA921007DF434 /* WFHomePageController.h */,
				5D61D0751C3BA921007DF434 /* WFHomePageController.m */,
			);
			path = viewController;
			sourceTree = "<group>";
		};
		5D61D0771C3BA93A007DF434 /* viewController */ = {
			isa = PBXGroup;
			children = (
				5D61D0781C3BA93A007DF434 /* WFSettingController.h */,
				5D61D0791C3BA93A007DF434 /* WFSettingController.m */,
			);
			path = viewController;
			sourceTree = "<group>";
		};
		5D61D07B1C3BA9D8007DF434 /* Manager */ = {
			isa = PBXGroup;
			children = (
				5D61D07E1C3BAA1D007DF434 /* WFHttpRequest */,
				5D61D07C1C3BAA1D007DF434 /* WFHttpMgr.h */,
				5D61D07D1C3BAA1D007DF434 /* WFHttpMgr.m */,
				5D61D0811C3BAA1D007DF434 /* WFManager.h */,
				5D61D0821C3BAA1D007DF434 /* WFManager.m */,
			);
			path = Manager;
			sourceTree = "<group>";
		};
		5D61D07E1C3BAA1D007DF434 /* WFHttpRequest */ = {
			isa = PBXGroup;
			children = (
				5D61D07F1C3BAA1D007DF434 /* WFManager+MainViewInfo.h */,
				5D61D0801C3BAA1D007DF434 /* WFManager+MainViewInfo.m */,
			);
			path = WFHttpRequest;
			sourceTree = "<group>";
		};
		5D61D0881C3BAF31007DF434 /* model */ = {
			isa = PBXGroup;
			children = (
				5D61D08E1C3BB07C007DF434 /* WFSingelNewsModel.h */,
				5D61D08F1C3BB07C007DF434 /* WFSingelNewsModel.m */,
				5D6EA28F1C3BC5B400C9462E /* WFSingelNewsLayout.h */,
				5D6EA2901C3BC5B400C9462E /* WFSingelNewsLayout.m */,
				5D61D0911C3BB095007DF434 /* WFLatestNewsModel.h */,
				5D61D0921C3BB095007DF434 /* WFLatestNewsModel.m */,
			);
			path = model;
			sourceTree = "<group>";
		};
		5D61D0891C3BAF31007DF434 /* view */ = {
			isa = PBXGroup;
			children = (
				5D6EA28C1C3BC1AC00C9462E /* WFMainViewCell.h */,
				5D6EA28D1C3BC1AC00C9462E /* WFMainViewCell.m */,
			);
			path = view;
			sourceTree = "<group>";
		};
		5D61D08A1C3BAF31007DF434 /* viewModel */ = {
			isa = PBXGroup;
			children = (
				5D61D08B1C3BAF76007DF434 /* WFHomePageVM.h */,
				5D61D08C1C3BAF76007DF434 /* WFHomePageVM.m */,
			);
			path = viewModel;
			sourceTree = "<group>";
		};
		5DF6565E1C3B6B9B00D8F8E0 = {
			isa = PBXGroup;
			children = (
				5DF656691C3B6B9B00D8F8E0 /* WFZhihuDaily */,
				5DF656681C3B6B9B00D8F8E0 /* Products */,
				63390F4F75C861C7D2EFF61F /* Pods */,
				CC1118F480BDE64B82385796 /* Frameworks */,
			);
			sourceTree = "<group>";
		};
		5DF656681C3B6B9B00D8F8E0 /* Products */ = {
			isa = PBXGroup;
			children = (
				5DF656671C3B6B9B00D8F8E0 /* WFZhihuDaily.app */,
			);
			name = Products;
			sourceTree = "<group>";
		};
		5DF656691C3B6B9B00D8F8E0 /* WFZhihuDaily */ = {
			isa = PBXGroup;
			children = (
				5DF6566D1C3B6B9B00D8F8E0 /* AppDelegate.h */,
				5DF6566E1C3B6B9B00D8F8E0 /* AppDelegate.m */,
				5DF656701C3B6B9B00D8F8E0 /* ViewController.h */,
				5DF656711C3B6B9B00D8F8E0 /* ViewController.m */,
				D288D4621C3C1DA60034B742 /* LeftDrawerController */,
				5D61D07B1C3BA9D8007DF434 /* Manager */,
				5D61D0641C3B9FFF007DF434 /* Category */,
				5D61D0601C3B92BC007DF434 /* DetailController */,
				5DF656851C3B6CC100D8F8E0 /* BaseViewController */,
				5DF6568C1C3B6CC100D8F8E0 /* CommonController */,
				5DF6568F1C3B6CC100D8F8E0 /* HomePageController */,
				5DF656921C3B6CC100D8F8E0 /* SettingController */,
				5DF656821C3B6C8F00D8F8E0 /* Constants */,
				5DF656731C3B6B9B00D8F8E0 /* Main.storyboard */,
				5DF656761C3B6B9B00D8F8E0 /* Assets.xcassets */,
				5DF6567B1C3B6B9B00D8F8E0 /* Info.plist */,
				5DF656811C3B6C3900D8F8E0 /* PrefixHeader.pch */,
				5DF6566A1C3B6B9B00D8F8E0 /* Supporting Files */,
			);
			path = WFZhihuDaily;
			sourceTree = "<group>";
		};
		5DF6566A1C3B6B9B00D8F8E0 /* Supporting Files */ = {
			isa = PBXGroup;
			children = (
				5DF6566B1C3B6B9B00D8F8E0 /* main.m */,
			);
			name = "Supporting Files";
			sourceTree = "<group>";
		};
		5DF656821C3B6C8F00D8F8E0 /* Constants */ = {
			isa = PBXGroup;
			children = (
				5D61D0871C3BAA97007DF434 /* ServerInfoConstants.h */,
				5DF656831C3B6C8F00D8F8E0 /* DeviceConstants.h */,
				5DF656841C3B6C8F00D8F8E0 /* ToolKitConstants.h */,
				5D61D0941C3BB288007DF434 /* WFToolKit.h */,
				5D61D0951C3BB288007DF434 /* WFToolKit.m */,
			);
			path = Constants;
			sourceTree = "<group>";
		};
		5DF656851C3B6CC100D8F8E0 /* BaseViewController */ = {
			isa = PBXGroup;
			children = (
				5DF656861C3B6CC100D8F8E0 /* WFBaseController.h */,
				5DF656871C3B6CC100D8F8E0 /* WFBaseController.m */,
				5DF6568A1C3B6CC100D8F8E0 /* WFMainController.h */,
				5DF6568B1C3B6CC100D8F8E0 /* WFMainController.m */,
			);
			path = BaseViewController;
			sourceTree = "<group>";
		};
		5DF6568C1C3B6CC100D8F8E0 /* CommonController */ = {
			isa = PBXGroup;
			children = (
				5D61D06F1C3BA905007DF434 /* viewController */,
			);
			path = CommonController;
			sourceTree = "<group>";
		};
		5DF6568F1C3B6CC100D8F8E0 /* HomePageController */ = {
			isa = PBXGroup;
			children = (
				5D61D0881C3BAF31007DF434 /* model */,
				5D61D0891C3BAF31007DF434 /* view */,
				5D61D08A1C3BAF31007DF434 /* viewModel */,
				5D61D0731C3BA921007DF434 /* viewController */,
			);
			path = HomePageController;
			sourceTree = "<group>";
		};
		5DF656921C3B6CC100D8F8E0 /* SettingController */ = {
			isa = PBXGroup;
			children = (
				5D61D0771C3BA93A007DF434 /* viewController */,
			);
			path = SettingController;
			sourceTree = "<group>";
		};
		63390F4F75C861C7D2EFF61F /* Pods */ = {
			isa = PBXGroup;
			children = (
				0FDA55C05EEB5E00D8263E07 /* Pods.debug.xcconfig */,
				8420BF67AF1838D7B6CC5DB5 /* Pods.release.xcconfig */,
			);
			name = Pods;
			sourceTree = "<group>";
		};
		CC1118F480BDE64B82385796 /* Frameworks */ = {
			isa = PBXGroup;
			children = (
				56D18C7690F4F098F76ED7B6 /* libPods.a */,
			);
			name = Frameworks;
			sourceTree = "<group>";
		};
		D288D4621C3C1DA60034B742 /* LeftDrawerController */ = {
			isa = PBXGroup;
			children = (
				D288D4631C3C1DA60034B742 /* model */,
				D288D4641C3C1DA60034B742 /* view */,
				D288D4651C3C1DA60034B742 /* viewController */,
				D288D4661C3C1DA60034B742 /* viewModel */,
			);
			name = LeftDrawerController;
			path = Manager/LeftDrawerController;
			sourceTree = "<group>";
		};
		D288D4631C3C1DA60034B742 /* model */ = {
			isa = PBXGroup;
			children = (
				D288D46D1C3C228C0034B742 /* WFLeftDataModel.h */,
				D288D46E1C3C228C0034B742 /* WFLeftDataModel.m */,
			);
			path = model;
			sourceTree = "<group>";
		};
		D288D4641C3C1DA60034B742 /* view */ = {
			isa = PBXGroup;
			children = (
				D288D46A1C3C1E050034B742 /* WFLeftCell.h */,
				D288D46B1C3C1E050034B742 /* WFLeftCell.m */,
			);
			path = view;
			sourceTree = "<group>";
		};
		D288D4651C3C1DA60034B742 /* viewController */ = {
			isa = PBXGroup;
			children = (
				D288D4671C3C1DE00034B742 /* WFLeftController.h */,
				D288D4681C3C1DE00034B742 /* WFLeftController.m */,
			);
			path = viewController;
			sourceTree = "<group>";
		};
		D288D4661C3C1DA60034B742 /* viewModel */ = {
			isa = PBXGroup;
			children = (
				D288D4701C3C23780034B742 /* WFLeftVM.h */,
				D288D4711C3C23780034B742 /* WFLeftVM.m */,
			);
			path = viewModel;
			sourceTree = "<group>";
		};
/* End PBXGroup section */

/* Begin PBXNativeTarget section */
		5DF656661C3B6B9B00D8F8E0 /* WFZhihuDaily */ = {
			isa = PBXNativeTarget;
			buildConfigurationList = 5DF6567E1C3B6B9B00D8F8E0 /* Build configuration list for PBXNativeTarget "WFZhihuDaily" */;
			buildPhases = (
				7F0E7A5D4D49739B749A95BF /* Check Pods Manifest.lock */,
				5DF656631C3B6B9B00D8F8E0 /* Sources */,
				5DF656641C3B6B9B00D8F8E0 /* Frameworks */,
				5DF656651C3B6B9B00D8F8E0 /* Resources */,
				403B3E75C53B455B000058DF /* Embed Pods Frameworks */,
				3901077C53178FF763831BFF /* Copy Pods Resources */,
			);
			buildRules = (
			);
			dependencies = (
			);
			name = WFZhihuDaily;
			productName = WFZhihuDaily;
			productReference = 5DF656671C3B6B9B00D8F8E0 /* WFZhihuDaily.app */;
			productType = "com.apple.product-type.application";
		};
/* End PBXNativeTarget section */

/* Begin PBXProject section */
		5DF6565F1C3B6B9B00D8F8E0 /* Project object */ = {
			isa = PBXProject;
			attributes = {
				LastUpgradeCheck = 0710;
				ORGANIZATIONNAME = xiupintech;
				TargetAttributes = {
					5DF656661C3B6B9B00D8F8E0 = {
						CreatedOnToolsVersion = 7.1;
					};
				};
			};
			buildConfigurationList = 5DF656621C3B6B9B00D8F8E0 /* Build configuration list for PBXProject "WFZhihuDaily" */;
			compatibilityVersion = "Xcode 3.2";
			developmentRegion = English;
			hasScannedForEncodings = 0;
			knownRegions = (
				en,
				Base,
			);
			mainGroup = 5DF6565E1C3B6B9B00D8F8E0;
			productRefGroup = 5DF656681C3B6B9B00D8F8E0 /* Products */;
			projectDirPath = "";
			projectRoot = "";
			targets = (
				5DF656661C3B6B9B00D8F8E0 /* WFZhihuDaily */,
			);
		};
/* End PBXProject section */

/* Begin PBXResourcesBuildPhase section */
		5DF656651C3B6B9B00D8F8E0 /* Resources */ = {
			isa = PBXResourcesBuildPhase;
			buildActionMask = 2147483647;
			files = (
				5DF656771C3B6B9B00D8F8E0 /* Assets.xcassets in Resources */,
				5DF656751C3B6B9B00D8F8E0 /* Main.storyboard in Resources */,
			);
			runOnlyForDeploymentPostprocessing = 0;
		};
/* End PBXResourcesBuildPhase section */

/* Begin PBXShellScriptBuildPhase section */
		3901077C53178FF763831BFF /* Copy Pods Resources */ = {
			isa = PBXShellScriptBuildPhase;
			buildActionMask = 2147483647;
			files = (
			);
			inputPaths = (
			);
			name = "Copy Pods Resources";
			outputPaths = (
			);
			runOnlyForDeploymentPostprocessing = 0;
			shellPath = /bin/sh;
			shellScript = "\"${SRCROOT}/Pods/Target Support Files/Pods/Pods-resources.sh\"\n";
			showEnvVarsInLog = 0;
		};
		403B3E75C53B455B000058DF /* Embed Pods Frameworks */ = {
			isa = PBXShellScriptBuildPhase;
			buildActionMask = 2147483647;
			files = (
			);
			inputPaths = (
			);
			name = "Embed Pods Frameworks";
			outputPaths = (
			);
			runOnlyForDeploymentPostprocessing = 0;
			shellPath = /bin/sh;
			shellScript = "\"${SRCROOT}/Pods/Target Support Files/Pods/Pods-frameworks.sh\"\n";
			showEnvVarsInLog = 0;
		};
		7F0E7A5D4D49739B749A95BF /* Check Pods Manifest.lock */ = {
			isa = PBXShellScriptBuildPhase;
			buildActionMask = 2147483647;
			files = (
			);
			inputPaths = (
			);
			name = "Check Pods Manifest.lock";
			outputPaths = (
			);
			runOnlyForDeploymentPostprocessing = 0;
			shellPath = /bin/sh;
			shellScript = "diff \"${PODS_ROOT}/../Podfile.lock\" \"${PODS_ROOT}/Manifest.lock\" > /dev/null\nif [[ $? != 0 ]] ; then\n    cat << EOM\nerror: The sandbox is not in sync with the Podfile.lock. Run 'pod install' or update your CocoaPods installation.\nEOM\n    exit 1\nfi\n";
			showEnvVarsInLog = 0;
		};
/* End PBXShellScriptBuildPhase section */

/* Begin PBXSourcesBuildPhase section */
		5DF656631C3B6B9B00D8F8E0 /* Sources */ = {
			isa = PBXSourcesBuildPhase;
			buildActionMask = 2147483647;
			files = (
				5DF656721C3B6B9B00D8F8E0 /* ViewController.m in Sources */,
				5D61D0841C3BAA1D007DF434 /* WFHttpMgr.m in Sources */,
				D288D4691C3C1DE00034B742 /* WFLeftController.m in Sources */,
				5DF656971C3B6CC100D8F8E0 /* WFMainController.m in Sources */,
				5D61D0851C3BAA1D007DF434 /* WFManager+MainViewInfo.m in Sources */,
				D288D46C1C3C1E050034B742 /* WFLeftCell.m in Sources */,
				5D61D0931C3BB095007DF434 /* WFLatestNewsModel.m in Sources */,
				5D6EA28E1C3BC1AC00C9462E /* WFMainViewCell.m in Sources */,
				D288D4721C3C23790034B742 /* WFLeftVM.m in Sources */,
				5D61D0671C3B9FFF007DF434 /* UINavigationController+XPPopGesture.m in Sources */,
				D288D46F1C3C228C0034B742 /* WFLeftDataModel.m in Sources */,
				5D61D07A1C3BA93A007DF434 /* WFSettingController.m in Sources */,
				5D61D0761C3BA921007DF434 /* WFHomePageController.m in Sources */,
				5D61D0721C3BA905007DF434 /* WFCommonController.m in Sources */,
				5D61D08D1C3BAF76007DF434 /* WFHomePageVM.m in Sources */,
				5DF656951C3B6CC100D8F8E0 /* WFBaseController.m in Sources */,
				5D6EA2911C3BC5B400C9462E /* WFSingelNewsLayout.m in Sources */,
				5D61D0901C3BB07C007DF434 /* WFSingelNewsModel.m in Sources */,
				5DF6566F1C3B6B9B00D8F8E0 /* AppDelegate.m in Sources */,
				5D61D06E1C3BA8E7007DF434 /* WFDetailController.m in Sources */,
				5D61D0861C3BAA1D007DF434 /* WFManager.m in Sources */,
				5D6EA2941C3BC66900C9462E /* UIImageView+WFImg.m in Sources */,
				5DF6566C1C3B6B9B00D8F8E0 /* main.m in Sources */,
				5D61D0961C3BB288007DF434 /* WFToolKit.m in Sources */,
			);
			runOnlyForDeploymentPostprocessing = 0;
		};
/* End PBXSourcesBuildPhase section */

/* Begin PBXVariantGroup section */
		5DF656731C3B6B9B00D8F8E0 /* Main.storyboard */ = {
			isa = PBXVariantGroup;
			children = (
				5DF656741C3B6B9B00D8F8E0 /* Base */,
			);
			name = Main.storyboard;
			sourceTree = "<group>";
		};
/* End PBXVariantGroup section */

/* Begin XCBuildConfiguration section */
		5DF6567C1C3B6B9B00D8F8E0 /* Debug */ = {
			isa = XCBuildConfiguration;
			buildSettings = {
				ALWAYS_SEARCH_USER_PATHS = NO;
				CLANG_CXX_LANGUAGE_STANDARD = "gnu++0x";
				CLANG_CXX_LIBRARY = "libc++";
				CLANG_ENABLE_MODULES = YES;
				CLANG_ENABLE_OBJC_ARC = YES;
				CLANG_WARN_BOOL_CONVERSION = YES;
				CLANG_WARN_CONSTANT_CONVERSION = YES;
				CLANG_WARN_DIRECT_OBJC_ISA_USAGE = YES_ERROR;
				CLANG_WARN_EMPTY_BODY = YES;
				CLANG_WARN_ENUM_CONVERSION = YES;
				CLANG_WARN_INT_CONVERSION = YES;
				CLANG_WARN_OBJC_ROOT_CLASS = YES_ERROR;
				CLANG_WARN_UNREACHABLE_CODE = YES;
				CLANG_WARN__DUPLICATE_METHOD_MATCH = YES;
				"CODE_SIGN_IDENTITY[sdk=iphoneos*]" = "iPhone Developer";
				COPY_PHASE_STRIP = NO;
				DEBUG_INFORMATION_FORMAT = dwarf;
				ENABLE_STRICT_OBJC_MSGSEND = YES;
				ENABLE_TESTABILITY = YES;
				GCC_C_LANGUAGE_STANDARD = gnu99;
				GCC_DYNAMIC_NO_PIC = NO;
				GCC_NO_COMMON_BLOCKS = YES;
				GCC_OPTIMIZATION_LEVEL = 0;
				GCC_PREPROCESSOR_DEFINITIONS = (
					"DEBUG=1",
					"$(inherited)",
				);
				GCC_WARN_64_TO_32_BIT_CONVERSION = YES;
				GCC_WARN_ABOUT_RETURN_TYPE = YES_ERROR;
				GCC_WARN_UNDECLARED_SELECTOR = YES;
				GCC_WARN_UNINITIALIZED_AUTOS = YES_AGGRESSIVE;
				GCC_WARN_UNUSED_FUNCTION = YES;
				GCC_WARN_UNUSED_VARIABLE = YES;
				IPHONEOS_DEPLOYMENT_TARGET = 9.1;
				MTL_ENABLE_DEBUG_INFO = YES;
				ONLY_ACTIVE_ARCH = YES;
				SDKROOT = iphoneos;
				TARGETED_DEVICE_FAMILY = "1,2";
			};
			name = Debug;
		};
		5DF6567D1C3B6B9B00D8F8E0 /* Release */ = {
			isa = XCBuildConfiguration;
			buildSettings = {
				ALWAYS_SEARCH_USER_PATHS = NO;
				CLANG_CXX_LANGUAGE_STANDARD = "gnu++0x";
				CLANG_CXX_LIBRARY = "libc++";
				CLANG_ENABLE_MODULES = YES;
				CLANG_ENABLE_OBJC_ARC = YES;
				CLANG_WARN_BOOL_CONVERSION = YES;
				CLANG_WARN_CONSTANT_CONVERSION = YES;
				CLANG_WARN_DIRECT_OBJC_ISA_USAGE = YES_ERROR;
				CLANG_WARN_EMPTY_BODY = YES;
				CLANG_WARN_ENUM_CONVERSION = YES;
				CLANG_WARN_INT_CONVERSION = YES;
				CLANG_WARN_OBJC_ROOT_CLASS = YES_ERROR;
				CLANG_WARN_UNREACHABLE_CODE = YES;
				CLANG_WARN__DUPLICATE_METHOD_MATCH = YES;
				"CODE_SIGN_IDENTITY[sdk=iphoneos*]" = "iPhone Developer";
				COPY_PHASE_STRIP = NO;
				DEBUG_INFORMATION_FORMAT = "dwarf-with-dsym";
				ENABLE_NS_ASSERTIONS = NO;
				ENABLE_STRICT_OBJC_MSGSEND = YES;
				GCC_C_LANGUAGE_STANDARD = gnu99;
				GCC_NO_COMMON_BLOCKS = YES;
				GCC_WARN_64_TO_32_BIT_CONVERSION = YES;
				GCC_WARN_ABOUT_RETURN_TYPE = YES_ERROR;
				GCC_WARN_UNDECLARED_SELECTOR = YES;
				GCC_WARN_UNINITIALIZED_AUTOS = YES_AGGRESSIVE;
				GCC_WARN_UNUSED_FUNCTION = YES;
				GCC_WARN_UNUSED_VARIABLE = YES;
				IPHONEOS_DEPLOYMENT_TARGET = 9.1;
				MTL_ENABLE_DEBUG_INFO = NO;
				SDKROOT = iphoneos;
				TARGETED_DEVICE_FAMILY = "1,2";
				VALIDATE_PRODUCT = YES;
			};
			name = Release;
		};
		5DF6567F1C3B6B9B00D8F8E0 /* Debug */ = {
			isa = XCBuildConfiguration;
			baseConfigurationReference = 0FDA55C05EEB5E00D8263E07 /* Pods.debug.xcconfig */;
			buildSettings = {
				ASSETCATALOG_COMPILER_APPICON_NAME = AppIcon;
				ENABLE_BITCODE = NO;
				GCC_PREFIX_HEADER = "$(SRCROOT)/WFZhihuDaily/PrefixHeader.pch";
				INFOPLIST_FILE = WFZhihuDaily/Info.plist;
				IPHONEOS_DEPLOYMENT_TARGET = 7.1;
				LD_RUNPATH_SEARCH_PATHS = "$(inherited) @executable_path/Frameworks";
				PRODUCT_BUNDLE_IDENTIFIER = xiupin.WFZhihuDaily;
				PRODUCT_NAME = "$(TARGET_NAME)";
			};
			name = Debug;
		};
		5DF656801C3B6B9B00D8F8E0 /* Release */ = {
			isa = XCBuildConfiguration;
			baseConfigurationReference = 8420BF67AF1838D7B6CC5DB5 /* Pods.release.xcconfig */;
			buildSettings = {
				ASSETCATALOG_COMPILER_APPICON_NAME = AppIcon;
				ENABLE_BITCODE = NO;
				GCC_PREFIX_HEADER = "$(SRCROOT)/WFZhihuDaily/PrefixHeader.pch";
				INFOPLIST_FILE = WFZhihuDaily/Info.plist;
				IPHONEOS_DEPLOYMENT_TARGET = 7.1;
				LD_RUNPATH_SEARCH_PATHS = "$(inherited) @executable_path/Frameworks";
				PRODUCT_BUNDLE_IDENTIFIER = xiupin.WFZhihuDaily;
				PRODUCT_NAME = "$(TARGET_NAME)";
			};
			name = Release;
		};
/* End XCBuildConfiguration section */

/* Begin XCConfigurationList section */
		5DF656621C3B6B9B00D8F8E0 /* Build configuration list for PBXProject "WFZhihuDaily" */ = {
			isa = XCConfigurationList;
			buildConfigurations = (
				5DF6567C1C3B6B9B00D8F8E0 /* Debug */,
				5DF6567D1C3B6B9B00D8F8E0 /* Release */,
			);
			defaultConfigurationIsVisible = 0;
			defaultConfigurationName = Release;
		};
		5DF6567E1C3B6B9B00D8F8E0 /* Build configuration list for PBXNativeTarget "WFZhihuDaily" */ = {
			isa = XCConfigurationList;
			buildConfigurations = (
				5DF6567F1C3B6B9B00D8F8E0 /* Debug */,
				5DF656801C3B6B9B00D8F8E0 /* Release */,
			);
			defaultConfigurationIsVisible = 0;
			defaultConfigurationName = Release;
		};
/* End XCConfigurationList section */
	};
	rootObject = 5DF6565F1C3B6B9B00D8F8E0 /* Project object */;
}
